
Microsoft Visual Studio Solution File, Format Version 12.00
# Visual Studio Version 17
VisualStudioVersion = 17.9.34723.18
MinimumVisualStudioVersion = 10.0.40219.1
Project("{FAE04EC0-301F-11D3-BF4B-00C04F79EFBC}") = "InsertionSort", "InsertionSort\InsertionSort.csproj", "{2898B4F6-7459-4950-AAD3-1BA601A776E8}"
EndProject
Global
	GlobalSection(SolutionConfigurationPlatforms) = preSolution
		Debug|Any CPU = Debug|Any CPU
		Release|Any CPU = Release|Any CPU
	EndGlobalSection
	GlobalSection(ProjectConfigurationPlatforms) = postSolution
		{2898B4F6-7459-4950-AAD3-1BA601A776E8}.Debug|Any CPU.ActiveCfg = Debug|Any CPU
		{2898B4F6-7459-4950-AAD3-1BA601A776E8}.Debug|Any CPU.Build.0 = Debug|Any CPU
		{2898B4F6-7459-4950-AAD3-1BA601A776E8}.Release|Any CPU.ActiveCfg = Release|Any CPU
		{2898B4F6-7459-4950-AAD3-1BA601A776E8}.Release|Any CPU.Build.0 = Release|Any CPU
	EndGlobalSection
	GlobalSection(SolutionProperties) = preSolution
		HideSolutionNode = FALSE
	EndGlobalSection
	GlobalSection(ExtensibilityGlobals) = postSolution
		SolutionGuid = {EC535F8A-92F2-465C-8EAA-2E4853ACE667}
	EndGlobalSection
EndGlobal
